
Microsoft Visual Studio Solution File, Format Version 12.00
# Visual Studio Version 16
VisualStudioVersion = 16.0.29409.12
MinimumVisualStudioVersion = 10.0.40219.1
Project("{FAE04EC0-301F-11D3-BF4B-00C04F79EFBC}") = "FamilyFriendlyBot", "FamilyFriendlyBot\FamilyFriendlyBot.csproj", "{A851FC37-D7A3-4681-BFE2-B88E2F3B4E54}"
EndProject
Global
	GlobalSection(SolutionConfigurationPlatforms) = preSolution
		Debug|Any CPU = Debug|Any CPU
		Release|Any CPU = Release|Any CPU
	EndGlobalSection
	GlobalSection(ProjectConfigurationPlatforms) = postSolution
		{A851FC37-D7A3-4681-BFE2-B88E2F3B4E54}.Debug|Any CPU.ActiveCfg = Debug|Any CPU
		{A851FC37-D7A3-4681-BFE2-B88E2F3B4E54}.Debug|Any CPU.Build.0 = Debug|Any CPU
		{A851FC37-D7A3-4681-BFE2-B88E2F3B4E54}.Release|Any CPU.ActiveCfg = Release|Any CPU
		{A851FC37-D7A3-4681-BFE2-B88E2F3B4E54}.Release|Any CPU.Build.0 = Release|Any CPU
	EndGlobalSection
	GlobalSection(SolutionProperties) = preSolution
		HideSolutionNode = FALSE
	EndGlobalSection
	GlobalSection(ExtensibilityGlobals) = postSolution
		SolutionGuid = {1C060BB1-8403-41AF-99F4-763860BF4EAE}
	EndGlobalSection
EndGlobal
